
Microsoft Visual Studio Solution File, Format Version 12.00
# Visual Studio Version 17
VisualStudioVersion = 17.9.34701.34
MinimumVisualStudioVersion = 10.0.40219.1
Project("{FAE04EC0-301F-11D3-BF4B-00C04F79EFBC}") = "File Transfer", "File Transfer.csproj", "{8EA5A0DE-49F9-40AB-8A91-5484F8CD5564}"
EndProject
Global
	GlobalSection(SolutionConfigurationPlatforms) = preSolution
		Debug|Any CPU = Debug|Any CPU
		Release|Any CPU = Release|Any CPU
	EndGlobalSection
	GlobalSection(ProjectConfigurationPlatforms) = postSolution
		{8EA5A0DE-49F9-40AB-8A91-5484F8CD5564}.Debug|Any CPU.ActiveCfg = Debug|Any CPU
		{8EA5A0DE-49F9-40AB-8A91-5484F8CD5564}.Debug|Any CPU.Build.0 = Debug|Any CPU
		{8EA5A0DE-49F9-40AB-8A91-5484F8CD5564}.Release|Any CPU.ActiveCfg = Release|Any CPU
		{8EA5A0DE-49F9-40AB-8A91-5484F8CD5564}.Release|Any CPU.Build.0 = Release|Any CPU
	EndGlobalSection
	GlobalSection(SolutionProperties) = preSolution
		HideSolutionNode = FALSE
	EndGlobalSection
	GlobalSection(ExtensibilityGlobals) = postSolution
		SolutionGuid = {203C8D79-D894-4AFF-8DB2-133092EC60B9}
	EndGlobalSection
EndGlobal
